
Microsoft Visual Studio Solution File, Format Version 12.00
# Visual Studio 2012
Project("{FAE04EC0-301F-11D3-BF4B-00C04F79EFBC}") = "OxyPlot.XamMac", "OxyPlot.XamMac.csproj", "{D00341E4-3984-4771-9F23-CB21F0381AFC}"
EndProject
Global
	GlobalSection(SolutionConfigurationPlatforms) = preSolution
		Debug|Any CPU = Debug|Any CPU
		Release|Any CPU = Release|Any CPU
	EndGlobalSection
	GlobalSection(ProjectConfigurationPlatforms) = postSolution
		{D00341E4-3984-4771-9F23-CB21F0381AFC}.Debug|Any CPU.ActiveCfg = Debug|Any CPU
		{D00341E4-3984-4771-9F23-CB21F0381AFC}.Debug|Any CPU.Build.0 = Debug|Any CPU
		{D00341E4-3984-4771-9F23-CB21F0381AFC}.Release|Any CPU.ActiveCfg = Release|Any CPU
		{D00341E4-3984-4771-9F23-CB21F0381AFC}.Release|Any CPU.Build.0 = Release|Any CPU
	EndGlobalSection
EndGlobal
